
Microsoft Visual Studio Solution File, Format Version 12.00
# Visual Studio Version 17
VisualStudioVersion = 17.9.34616.47
MinimumVisualStudioVersion = 10.0.40219.1
Project("{FAE04EC0-301F-11D3-BF4B-00C04F79EFBC}") = "AutoShutdown", "AutoShutdown\AutoShutdown.csproj", "{0F151337-BF96-49C1-A067-9CDAB876FCBC}"
EndProject
Global
	GlobalSection(SolutionConfigurationPlatforms) = preSolution
		Debug|Any CPU = Debug|Any CPU
		Release|Any CPU = Release|Any CPU
	EndGlobalSection
	GlobalSection(ProjectConfigurationPlatforms) = postSolution
		{0F151337-BF96-49C1-A067-9CDAB876FCBC}.Debug|Any CPU.ActiveCfg = Debug|Any CPU
		{0F151337-BF96-49C1-A067-9CDAB876FCBC}.Debug|Any CPU.Build.0 = Debug|Any CPU
		{0F151337-BF96-49C1-A067-9CDAB876FCBC}.Release|Any CPU.ActiveCfg = Release|Any CPU
		{0F151337-BF96-49C1-A067-9CDAB876FCBC}.Release|Any CPU.Build.0 = Release|Any CPU
	EndGlobalSection
	GlobalSection(SolutionProperties) = preSolution
		HideSolutionNode = FALSE
	EndGlobalSection
	GlobalSection(ExtensibilityGlobals) = postSolution
		SolutionGuid = {81E71C2C-7424-44AF-87DA-43F046DCA9A3}
	EndGlobalSection
EndGlobal
